// !$*UTF8*$!
{
	archiveVersion = 1;
	classes = {
	};
	objectVersion = 46;
	objects = {

/* Begin PBXBuildFile section */
		AE6A65501B7B66C800C3611C /* main.swift in Sources */ = {isa = PBXBuildFile; fileRef = AE6A654F1B7B66C800C3611C /* main.swift */; };
		AE6A65571B7B66D700C3611C /* TryJson.swift in Sources */ = {isa = PBXBuildFile; fileRef = AE6A65561B7B66D700C3611C /* TryJson.swift */; };
		AE6A655F1B7B670900C3611C /* TryJsonTest.swift in Sources */ = {isa = PBXBuildFile; fileRef = AE6A655E1B7B670900C3611C /* TryJsonTest.swift */; };
		AE6A65641B7B671700C3611C /* TryJson.swift in Sources */ = {isa = PBXBuildFile; fileRef = AE6A65561B7B66D700C3611C /* TryJson.swift */; };
/* End PBXBuildFile section */

/* Begin PBXCopyFilesBuildPhase section */
		AE6A654A1B7B66C800C3611C /* CopyFiles */ = {
			isa = PBXCopyFilesBuildPhase;
			buildActionMask = 2147483647;
			dstPath = /usr/share/man/man1/;
			dstSubfolderSpec = 0;
			files = (
			);
			runOnlyForDeploymentPostprocessing = 1;
		};
/* End PBXCopyFilesBuildPhase section */

/* Begin PBXFileReference section */
		AE6A654C1B7B66C800C3611C /* TryJson */ = {isa = PBXFileReference; explicitFileType = "compiled.mach-o.executable"; includeInIndex = 0; path = TryJson; sourceTree = BUILT_PRODUCTS_DIR; };
		AE6A654F1B7B66C800C3611C /* main.swift */ = {isa = PBXFileReference; lastKnownFileType = sourcecode.swift; path = main.swift; sourceTree = "<group>"; };
		AE6A65561B7B66D700C3611C /* TryJson.swift */ = {isa = PBXFileReference; fileEncoding = 4; lastKnownFileType = sourcecode.swift; path = TryJson.swift; sourceTree = "<group>"; };
		AE6A655C1B7B670900C3611C /* TryJsonTest.xctest */ = {isa = PBXFileReference; explicitFileType = wrapper.cfbundle; includeInIndex = 0; path = TryJsonTest.xctest; sourceTree = BUILT_PRODUCTS_DIR; };
		AE6A655E1B7B670900C3611C /* TryJsonTest.swift */ = {isa = PBXFileReference; lastKnownFileType = sourcecode.swift; path = TryJsonTest.swift; sourceTree = "<group>"; };
		AE6A65601B7B670900C3611C /* Info.plist */ = {isa = PBXFileReference; lastKnownFileType = text.plist.xml; path = Info.plist; sourceTree = "<group>"; };
/* End PBXFileReference section */

/* Begin PBXFrameworksBuildPhase section */
		AE6A65491B7B66C800C3611C /* Frameworks */ = {
			isa = PBXFrameworksBuildPhase;
			buildActionMask = 2147483647;
			files = (
			);
			runOnlyForDeploymentPostprocessing = 0;
		};
		AE6A65591B7B670900C3611C /* Frameworks */ = {
			isa = PBXFrameworksBuildPhase;
			buildActionMask = 2147483647;
			files = (
			);
			runOnlyForDeploymentPostprocessing = 0;
		};
/* End PBXFrameworksBuildPhase section */

/* Begin PBXGroup section */
		AE6A65431B7B66C800C3611C = {
			isa = PBXGroup;
			children = (
				AE6A654E1B7B66C800C3611C /* TryJson */,
				AE6A655D1B7B670900C3611C /* TryJsonTest */,
				AE6A654D1B7B66C800C3611C /* Products */,
			);
			sourceTree = "<group>";
		};
		AE6A654D1B7B66C800C3611C /* Products */ = {
			isa = PBXGroup;
			children = (
				AE6A654C1B7B66C800C3611C /* TryJson */,
				AE6A655C1B7B670900C3611C /* TryJsonTest.xctest */,
			);
			name = Products;
			sourceTree = "<group>";
		};
		AE6A654E1B7B66C800C3611C /* TryJson */ = {
			isa = PBXGroup;
			children = (
				AE6A654F1B7B66C800C3611C /* main.swift */,
				AE6A65561B7B66D700C3611C /* TryJson.swift */,
			);
			path = TryJson;
			sourceTree = "<group>";
		};
		AE6A655D1B7B670900C3611C /* TryJsonTest */ = {
			isa = PBXGroup;
			children = (
				AE6A655E1B7B670900C3611C /* TryJsonTest.swift */,
				AE6A65601B7B670900C3611C /* Info.plist */,
			);
			path = TryJsonTest;
			sourceTree = "<group>";
		};
/* End PBXGroup section */

/* Begin PBXNativeTarget section */
		AE6A654B1B7B66C800C3611C /* TryJson */ = {
			isa = PBXNativeTarget;
			buildConfigurationList = AE6A65531B7B66C800C3611C /* Build configuration list for PBXNativeTarget "TryJson" */;
			buildPhases = (
				AE6A65481B7B66C800C3611C /* Sources */,
				AE6A65491B7B66C800C3611C /* Frameworks */,
				AE6A654A1B7B66C800C3611C /* CopyFiles */,
			);
			buildRules = (
			);
			dependencies = (
			);
			name = TryJson;
			productName = TryJson;
			productReference = AE6A654C1B7B66C800C3611C /* TryJson */;
			productType = "com.apple.product-type.tool";
		};
		AE6A655B1B7B670900C3611C /* TryJsonTest */ = {
			isa = PBXNativeTarget;
			buildConfigurationList = AE6A65611B7B670900C3611C /* Build configuration list for PBXNativeTarget "TryJsonTest" */;
			buildPhases = (
				AE6A65581B7B670900C3611C /* Sources */,
				AE6A65591B7B670900C3611C /* Frameworks */,
				AE6A655A1B7B670900C3611C /* Resources */,
			);
			buildRules = (
			);
			dependencies = (
			);
			name = TryJsonTest;
			productName = TryJsonTest;
			productReference = AE6A655C1B7B670900C3611C /* TryJsonTest.xctest */;
			productType = "com.apple.product-type.bundle.unit-test";
		};
/* End PBXNativeTarget section */

/* Begin PBXProject section */
		AE6A65441B7B66C800C3611C /* Project object */ = {
			isa = PBXProject;
			attributes = {
				LastUpgradeCheck = 0700;
				ORGANIZATIONNAME = Ushio;
				TargetAttributes = {
					AE6A654B1B7B66C800C3611C = {
						CreatedOnToolsVersion = 7.0;
					};
					AE6A655B1B7B670900C3611C = {
						CreatedOnToolsVersion = 7.0;
					};
				};
			};
			buildConfigurationList = AE6A65471B7B66C800C3611C /* Build configuration list for PBXProject "TryJson" */;
			compatibilityVersion = "Xcode 3.2";
			developmentRegion = English;
			hasScannedForEncodings = 0;
			knownRegions = (
				en,
			);
			mainGroup = AE6A65431B7B66C800C3611C;
			productRefGroup = AE6A654D1B7B66C800C3611C /* Products */;
			projectDirPath = "";
			projectRoot = "";
			targets = (
				AE6A654B1B7B66C800C3611C /* TryJson */,
				AE6A655B1B7B670900C3611C /* TryJsonTest */,
			);
		};
/* End PBXProject section */

/* Begin PBXResourcesBuildPhase section */
		AE6A655A1B7B670900C3611C /* Resources */ = {
			isa = PBXResourcesBuildPhase;
			buildActionMask = 2147483647;
			files = (
			);
			runOnlyForDeploymentPostprocessing = 0;
		};
/* End PBXResourcesBuildPhase section */

/* Begin PBXSourcesBuildPhase section */
		AE6A65481B7B66C800C3611C /* Sources */ = {
			isa = PBXSourcesBuildPhase;
			buildActionMask = 2147483647;
			files = (
				AE6A65501B7B66C800C3611C /* main.swift in Sources */,
				AE6A65571B7B66D700C3611C /* TryJson.swift in Sources */,
			);
			runOnlyForDeploymentPostprocessing = 0;
		};
		AE6A65581B7B670900C3611C /* Sources */ = {
			isa = PBXSourcesBuildPhase;
			buildActionMask = 2147483647;
			files = (
				AE6A65641B7B671700C3611C /* TryJson.swift in Sources */,
				AE6A655F1B7B670900C3611C /* TryJsonTest.swift in Sources */,
			);
			runOnlyForDeploymentPostprocessing = 0;
		};
/* End PBXSourcesBuildPhase section */

/* Begin XCBuildConfiguration section */
		AE6A65511B7B66C800C3611C /* Debug */ = {
			isa = XCBuildConfiguration;
			buildSettings = {
				ALWAYS_SEARCH_USER_PATHS = NO;
				CLANG_CXX_LANGUAGE_STANDARD = "gnu++0x";
				CLANG_CXX_LIBRARY = "libc++";
				CLANG_ENABLE_MODULES = YES;
				CLANG_ENABLE_OBJC_ARC = YES;
				CLANG_WARN_BOOL_CONVERSION = YES;
				CLANG_WARN_CONSTANT_CONVERSION = YES;
				CLANG_WARN_DIRECT_OBJC_ISA_USAGE = YES_ERROR;
				CLANG_WARN_EMPTY_BODY = YES;
				CLANG_WARN_ENUM_CONVERSION = YES;
				CLANG_WARN_INT_CONVERSION = YES;
				CLANG_WARN_OBJC_ROOT_CLASS = YES_ERROR;
				CLANG_WARN_UNREACHABLE_CODE = YES;
				CLANG_WARN__DUPLICATE_METHOD_MATCH = YES;
				COPY_PHASE_STRIP = NO;
				DEBUG_INFORMATION_FORMAT = dwarf;
				ENABLE_STRICT_OBJC_MSGSEND = YES;
				ENABLE_TESTABILITY = YES;
				GCC_C_LANGUAGE_STANDARD = gnu99;
				GCC_DYNAMIC_NO_PIC = NO;
				GCC_NO_COMMON_BLOCKS = YES;
				GCC_OPTIMIZATION_LEVEL = 0;
				GCC_PREPROCESSOR_DEFINITIONS = (
					"DEBUG=1",
					"$(inherited)",
				);
				GCC_WARN_64_TO_32_BIT_CONVERSION = YES;
				GCC_WARN_ABOUT_RETURN_TYPE = YES_ERROR;
				GCC_WARN_UNDECLARED_SELECTOR = YES;
				GCC_WARN_UNINITIALIZED_AUTOS = YES_AGGRESSIVE;
				GCC_WARN_UNUSED_FUNCTION = YES;
				GCC_WARN_UNUSED_VARIABLE = YES;
				MACOSX_DEPLOYMENT_TARGET = 10.11;
				MTL_ENABLE_DEBUG_INFO = YES;
				ONLY_ACTIVE_ARCH = YES;
				SDKROOT = macosx;
				SWIFT_OPTIMIZATION_LEVEL = "-Onone";
			};
			name = Debug;
		};
		AE6A65521B7B66C800C3611C /* Release */ = {
			isa = XCBuildConfiguration;
			buildSettings = {
				ALWAYS_SEARCH_USER_PATHS = NO;
				CLANG_CXX_LANGUAGE_STANDARD = "gnu++0x";
				CLANG_CXX_LIBRARY = "libc++";
				CLANG_ENABLE_MODULES = YES;
				CLANG_ENABLE_OBJC_ARC = YES;
				CLANG_WARN_BOOL_CONVERSION = YES;
				CLANG_WARN_CONSTANT_CONVERSION = YES;
				CLANG_WARN_DIRECT_OBJC_ISA_USAGE = YES_ERROR;
				CLANG_WARN_EMPTY_BODY = YES;
				CLANG_WARN_ENUM_CONVERSION = YES;
				CLANG_WARN_INT_CONVERSION = YES;
				CLANG_WARN_OBJC_ROOT_CLASS = YES_ERROR;
				CLANG_WARN_UNREACHABLE_CODE = YES;
				CLANG_WARN__DUPLICATE_METHOD_MATCH = YES;
				COPY_PHASE_STRIP = NO;
				DEBUG_INFORMATION_FORMAT = "dwarf-with-dsym";
				ENABLE_NS_ASSERTIONS = NO;
				ENABLE_STRICT_OBJC_MSGSEND = YES;
				GCC_C_LANGUAGE_STANDARD = gnu99;
				GCC_NO_COMMON_BLOCKS = YES;
				GCC_WARN_64_TO_32_BIT_CONVERSION = YES;
				GCC_WARN_ABOUT_RETURN_TYPE = YES_ERROR;
				GCC_WARN_UNDECLARED_SELECTOR = YES;
				GCC_WARN_UNINITIALIZED_AUTOS = YES_AGGRESSIVE;
				GCC_WARN_UNUSED_FUNCTION = YES;
				GCC_WARN_UNUSED_VARIABLE = YES;
				MACOSX_DEPLOYMENT_TARGET = 10.11;
				MTL_ENABLE_DEBUG_INFO = NO;
				SDKROOT = macosx;
			};
			name = Release;
		};
		AE6A65541B7B66C800C3611C /* Debug */ = {
			isa = XCBuildConfiguration;
			buildSettings = {
				PRODUCT_NAME = "$(TARGET_NAME)";
			};
			name = Debug;
		};
		AE6A65551B7B66C800C3611C /* Release */ = {
			isa = XCBuildConfiguration;
			buildSettings = {
				PRODUCT_NAME = "$(TARGET_NAME)";
			};
			name = Release;
		};
		AE6A65621B7B670900C3611C /* Debug */ = {
			isa = XCBuildConfiguration;
			buildSettings = {
				COMBINE_HIDPI_IMAGES = YES;
				INFOPLIST_FILE = TryJsonTest/Info.plist;
				LD_RUNPATH_SEARCH_PATHS = "$(inherited) @executable_path/../Frameworks @loader_path/../Frameworks";
				PRODUCT_BUNDLE_IDENTIFIER = ushio.TryJsonTest;
				PRODUCT_NAME = "$(TARGET_NAME)";
			};
			name = Debug;
		};
		AE6A65631B7B670900C3611C /* Release */ = {
			isa = XCBuildConfiguration;
			buildSettings = {
				COMBINE_HIDPI_IMAGES = YES;
				INFOPLIST_FILE = TryJsonTest/Info.plist;
				LD_RUNPATH_SEARCH_PATHS = "$(inherited) @executable_path/../Frameworks @loader_path/../Frameworks";
				PRODUCT_BUNDLE_IDENTIFIER = ushio.TryJsonTest;
				PRODUCT_NAME = "$(TARGET_NAME)";
			};
			name = Release;
		};
/* End XCBuildConfiguration section */

/* Begin XCConfigurationList section */
		AE6A65471B7B66C800C3611C /* Build configuration list for PBXProject "TryJson" */ = {
			isa = XCConfigurationList;
			buildConfigurations = (
				AE6A65511B7B66C800C3611C /* Debug */,
				AE6A65521B7B66C800C3611C /* Release */,
			);
			defaultConfigurationIsVisible = 0;
			defaultConfigurationName = Release;
		};
		AE6A65531B7B66C800C3611C /* Build configuration list for PBXNativeTarget "TryJson" */ = {
			isa = XCConfigurationList;
			buildConfigurations = (
				AE6A65541B7B66C800C3611C /* Debug */,
				AE6A65551B7B66C800C3611C /* Release */,
			);
			defaultConfigurationIsVisible = 0;
			defaultConfigurationName = Release;
		};
		AE6A65611B7B670900C3611C /* Build configuration list for PBXNativeTarget "TryJsonTest" */ = {
			isa = XCConfigurationList;
			buildConfigurations = (
				AE6A65621B7B670900C3611C /* Debug */,
				AE6A65631B7B670900C3611C /* Release */,
			);
			defaultConfigurationIsVisible = 0;
			defaultConfigurationName = Release;
		};
/* End XCConfigurationList section */
	};
	rootObject = AE6A65441B7B66C800C3611C /* Project object */;
}
